// !$*UTF8*$!
{
	archiveVersion = 1;
	classes = {
	};
	objectVersion = 50;
	objects = {

/* Begin PBXBuildFile section */
		3406B61226998B1500817D1D /* main.swift in Sources */ = {isa = PBXBuildFile; fileRef = 3406B61126998B1500817D1D /* main.swift */; };
		3406B62026998B3F00817D1D /* main.swift in Sources */ = {isa = PBXBuildFile; fileRef = 3406B61F26998B3F00817D1D /* main.swift */; };
		3406B62726998BA900817D1D /* Math.swift in Sources */ = {isa = PBXBuildFile; fileRef = 3406B62626998BA900817D1D /* Math.swift */; };
		3406B62B26998BD800817D1D /* Adapter.swift in Sources */ = {isa = PBXBuildFile; fileRef = 3406B62A26998BD800817D1D /* Adapter.swift */; };
/* End PBXBuildFile section */

/* Begin PBXCopyFilesBuildPhase section */
		3406B60C26998B1500817D1D /* CopyFiles */ = {
			isa = PBXCopyFilesBuildPhase;
			buildActionMask = 2147483647;
			dstPath = /usr/share/man/man1/;
			dstSubfolderSpec = 0;
			files = (
			);
			runOnlyForDeploymentPostprocessing = 1;
		};
		3406B61B26998B3F00817D1D /* CopyFiles */ = {
			isa = PBXCopyFilesBuildPhase;
			buildActionMask = 2147483647;
			dstPath = /usr/share/man/man1/;
			dstSubfolderSpec = 0;
			files = (
			);
			runOnlyForDeploymentPostprocessing = 1;
		};
/* End PBXCopyFilesBuildPhase section */

/* Begin PBXFileReference section */
		3406B60E26998B1500817D1D /* Structural Pattern */ = {isa = PBXFileReference; explicitFileType = "compiled.mach-o.executable"; includeInIndex = 0; path = "Structural Pattern"; sourceTree = BUILT_PRODUCTS_DIR; };
		3406B61126998B1500817D1D /* main.swift */ = {isa = PBXFileReference; lastKnownFileType = sourcecode.swift; path = main.swift; sourceTree = "<group>"; };
		3406B61D26998B3F00817D1D /* Adapter */ = {isa = PBXFileReference; explicitFileType = "compiled.mach-o.executable"; includeInIndex = 0; path = Adapter; sourceTree = BUILT_PRODUCTS_DIR; };
		3406B61F26998B3F00817D1D /* main.swift */ = {isa = PBXFileReference; lastKnownFileType = sourcecode.swift; path = main.swift; sourceTree = "<group>"; };
		3406B62626998BA900817D1D /* Math.swift */ = {isa = PBXFileReference; lastKnownFileType = sourcecode.swift; path = Math.swift; sourceTree = "<group>"; };
		3406B62A26998BD800817D1D /* Adapter.swift */ = {isa = PBXFileReference; lastKnownFileType = sourcecode.swift; path = Adapter.swift; sourceTree = "<group>"; };
/* End PBXFileReference section */

/* Begin PBXFrameworksBuildPhase section */
		3406B60B26998B1500817D1D /* Frameworks */ = {
			isa = PBXFrameworksBuildPhase;
			buildActionMask = 2147483647;
			files = (
			);
			runOnlyForDeploymentPostprocessing = 0;
		};
		3406B61A26998B3F00817D1D /* Frameworks */ = {
			isa = PBXFrameworksBuildPhase;
			buildActionMask = 2147483647;
			files = (
			);
			runOnlyForDeploymentPostprocessing = 0;
		};
/* End PBXFrameworksBuildPhase section */

/* Begin PBXGroup section */
		3406B60526998B1400817D1D = {
			isa = PBXGroup;
			children = (
				3406B61026998B1500817D1D /* Structural Pattern */,
				3406B61E26998B3F00817D1D /* Adapter */,
				3406B60F26998B1500817D1D /* Products */,
			);
			sourceTree = "<group>";
		};
		3406B60F26998B1500817D1D /* Products */ = {
			isa = PBXGroup;
			children = (
				3406B60E26998B1500817D1D /* Structural Pattern */,
				3406B61D26998B3F00817D1D /* Adapter */,
			);
			name = Products;
			sourceTree = "<group>";
		};
		3406B61026998B1500817D1D /* Structural Pattern */ = {
			isa = PBXGroup;
			children = (
				3406B61126998B1500817D1D /* main.swift */,
			);
			path = "Structural Pattern";
			sourceTree = "<group>";
		};
		3406B61E26998B3F00817D1D /* Adapter */ = {
			isa = PBXGroup;
			children = (
				3406B61F26998B3F00817D1D /* main.swift */,
				3406B62626998BA900817D1D /* Math.swift */,
				3406B62A26998BD800817D1D /* Adapter.swift */,
			);
			path = Adapter;
			sourceTree = "<group>";
		};
/* End PBXGroup section */

/* Begin PBXNativeTarget section */
		3406B60D26998B1500817D1D /* Structural Pattern */ = {
			isa = PBXNativeTarget;
			buildConfigurationList = 3406B61526998B1500817D1D /* Build configuration list for PBXNativeTarget "Structural Pattern" */;
			buildPhases = (
				3406B60A26998B1500817D1D /* Sources */,
				3406B60B26998B1500817D1D /* Frameworks */,
				3406B60C26998B1500817D1D /* CopyFiles */,
			);
			buildRules = (
			);
			dependencies = (
			);
			name = "Structural Pattern";
			productName = "Structural Pattern";
			productReference = 3406B60E26998B1500817D1D /* Structural Pattern */;
			productType = "com.apple.product-type.tool";
		};
		3406B61C26998B3F00817D1D /* Adapter */ = {
			isa = PBXNativeTarget;
			buildConfigurationList = 3406B62126998B3F00817D1D /* Build configuration list for PBXNativeTarget "Adapter" */;
			buildPhases = (
				3406B61926998B3F00817D1D /* Sources */,
				3406B61A26998B3F00817D1D /* Frameworks */,
				3406B61B26998B3F00817D1D /* CopyFiles */,
			);
			buildRules = (
			);
			dependencies = (
			);
			name = Adapter;
			productName = Adapter;
			productReference = 3406B61D26998B3F00817D1D /* Adapter */;
			productType = "com.apple.product-type.tool";
		};
/* End PBXNativeTarget section */

/* Begin PBXProject section */
		3406B60626998B1400817D1D /* Project object */ = {
			isa = PBXProject;
			attributes = {
				LastSwiftUpdateCheck = 1240;
				LastUpgradeCheck = 1240;
				TargetAttributes = {
					3406B60D26998B1500817D1D = {
						CreatedOnToolsVersion = 12.4;
					};
					3406B61C26998B3F00817D1D = {
						CreatedOnToolsVersion = 12.4;
					};
				};
			};
			buildConfigurationList = 3406B60926998B1400817D1D /* Build configuration list for PBXProject "Structural Pattern" */;
			compatibilityVersion = "Xcode 9.3";
			developmentRegion = en;
			hasScannedForEncodings = 0;
			knownRegions = (
				en,
				Base,
			);
			mainGroup = 3406B60526998B1400817D1D;
			productRefGroup = 3406B60F26998B1500817D1D /* Products */;
			projectDirPath = "";
			projectRoot = "";
			targets = (
				3406B60D26998B1500817D1D /* Structural Pattern */,
				3406B61C26998B3F00817D1D /* Adapter */,
			);
		};
/* End PBXProject section */

/* Begin PBXSourcesBuildPhase section */
		3406B60A26998B1500817D1D /* Sources */ = {
			isa = PBXSourcesBuildPhase;
			buildActionMask = 2147483647;
			files = (
				3406B61226998B1500817D1D /* main.swift in Sources */,
			);
			runOnlyForDeploymentPostprocessing = 0;
		};
		3406B61926998B3F00817D1D /* Sources */ = {
			isa = PBXSourcesBuildPhase;
			buildActionMask = 2147483647;
			files = (
				3406B62026998B3F00817D1D /* main.swift in Sources */,
				3406B62B26998BD800817D1D /* Adapter.swift in Sources */,
				3406B62726998BA900817D1D /* Math.swift in Sources */,
			);
			runOnlyForDeploymentPostprocessing = 0;
		};
/* End PBXSourcesBuildPhase section */

/* Begin XCBuildConfiguration section */
		3406B61326998B1500817D1D /* Debug */ = {
			isa = XCBuildConfiguration;
			buildSettings = {
				ALWAYS_SEARCH_USER_PATHS = NO;
				CLANG_ANALYZER_NONNULL = YES;
				CLANG_ANALYZER_NUMBER_OBJECT_CONVERSION = YES_AGGRESSIVE;
				CLANG_CXX_LANGUAGE_STANDARD = "gnu++14";
				CLANG_CXX_LIBRARY = "libc++";
				CLANG_ENABLE_MODULES = YES;
				CLANG_ENABLE_OBJC_ARC = YES;
				CLANG_ENABLE_OBJC_WEAK = YES;
				CLANG_WARN_BLOCK_CAPTURE_AUTORELEASING = YES;
				CLANG_WARN_BOOL_CONVERSION = YES;
				CLANG_WARN_COMMA = YES;
				CLANG_WARN_CONSTANT_CONVERSION = YES;
				CLANG_WARN_DEPRECATED_OBJC_IMPLEMENTATIONS = YES;
				CLANG_WARN_DIRECT_OBJC_ISA_USAGE = YES_ERROR;
				CLANG_WARN_DOCUMENTATION_COMMENTS = YES;
				CLANG_WARN_EMPTY_BODY = YES;
				CLANG_WARN_ENUM_CONVERSION = YES;
				CLANG_WARN_INFINITE_RECURSION = YES;
				CLANG_WARN_INT_CONVERSION = YES;
				CLANG_WARN_NON_LITERAL_NULL_CONVERSION = YES;
				CLANG_WARN_OBJC_IMPLICIT_RETAIN_SELF = YES;
				CLANG_WARN_OBJC_LITERAL_CONVERSION = YES;
				CLANG_WARN_OBJC_ROOT_CLASS = YES_ERROR;
				CLANG_WARN_QUOTED_INCLUDE_IN_FRAMEWORK_HEADER = YES;
				CLANG_WARN_RANGE_LOOP_ANALYSIS = YES;
				CLANG_WARN_STRICT_PROTOTYPES = YES;
				CLANG_WARN_SUSPICIOUS_MOVE = YES;
				CLANG_WARN_UNGUARDED_AVAILABILITY = YES_AGGRESSIVE;
				CLANG_WARN_UNREACHABLE_CODE = YES;
				CLANG_WARN__DUPLICATE_METHOD_MATCH = YES;
				COPY_PHASE_STRIP = NO;
				DEBUG_INFORMATION_FORMAT = dwarf;
				ENABLE_STRICT_OBJC_MSGSEND = YES;
				ENABLE_TESTABILITY = YES;
				GCC_C_LANGUAGE_STANDARD = gnu11;
				GCC_DYNAMIC_NO_PIC = NO;
				GCC_NO_COMMON_BLOCKS = YES;
				GCC_OPTIMIZATION_LEVEL = 0;
				GCC_PREPROCESSOR_DEFINITIONS = (
					"DEBUG=1",
					"$(inherited)",
				);
				GCC_WARN_64_TO_32_BIT_CONVERSION = YES;
				GCC_WARN_ABOUT_RETURN_TYPE = YES_ERROR;
				GCC_WARN_UNDECLARED_SELECTOR = YES;
				GCC_WARN_UNINITIALIZED_AUTOS = YES_AGGRESSIVE;
				GCC_WARN_UNUSED_FUNCTION = YES;
				GCC_WARN_UNUSED_VARIABLE = YES;
				MACOSX_DEPLOYMENT_TARGET = 11.0;
				MTL_ENABLE_DEBUG_INFO = INCLUDE_SOURCE;
				MTL_FAST_MATH = YES;
				ONLY_ACTIVE_ARCH = YES;
				SDKROOT = macosx;
				SWIFT_ACTIVE_COMPILATION_CONDITIONS = DEBUG;
				SWIFT_OPTIMIZATION_LEVEL = "-Onone";
			};
			name = Debug;
		};
		3406B61426998B1500817D1D /* Release */ = {
			isa = XCBuildConfiguration;
			buildSettings = {
				ALWAYS_SEARCH_USER_PATHS = NO;
				CLANG_ANALYZER_NONNULL = YES;
				CLANG_ANALYZER_NUMBER_OBJECT_CONVERSION = YES_AGGRESSIVE;
				CLANG_CXX_LANGUAGE_STANDARD = "gnu++14";
				CLANG_CXX_LIBRARY = "libc++";
				CLANG_ENABLE_MODULES = YES;
				CLANG_ENABLE_OBJC_ARC = YES;
				CLANG_ENABLE_OBJC_WEAK = YES;
				CLANG_WARN_BLOCK_CAPTURE_AUTORELEASING = YES;
				CLANG_WARN_BOOL_CONVERSION = YES;
				CLANG_WARN_COMMA = YES;
				CLANG_WARN_CONSTANT_CONVERSION = YES;
				CLANG_WARN_DEPRECATED_OBJC_IMPLEMENTATIONS = YES;
				CLANG_WARN_DIRECT_OBJC_ISA_USAGE = YES_ERROR;
				CLANG_WARN_DOCUMENTATION_COMMENTS = YES;
				CLANG_WARN_EMPTY_BODY = YES;
				CLANG_WARN_ENUM_CONVERSION = YES;
				CLANG_WARN_INFINITE_RECURSION = YES;
				CLANG_WARN_INT_CONVERSION = YES;
				CLANG_WARN_NON_LITERAL_NULL_CONVERSION = YES;
				CLANG_WARN_OBJC_IMPLICIT_RETAIN_SELF = YES;
				CLANG_WARN_OBJC_LITERAL_CONVERSION = YES;
				CLANG_WARN_OBJC_ROOT_CLASS = YES_ERROR;
				CLANG_WARN_QUOTED_INCLUDE_IN_FRAMEWORK_HEADER = YES;
				CLANG_WARN_RANGE_LOOP_ANALYSIS = YES;
				CLANG_WARN_STRICT_PROTOTYPES = YES;
				CLANG_WARN_SUSPICIOUS_MOVE = YES;
				CLANG_WARN_UNGUARDED_AVAILABILITY = YES_AGGRESSIVE;
				CLANG_WARN_UNREACHABLE_CODE = YES;
				CLANG_WARN__DUPLICATE_METHOD_MATCH = YES;
				COPY_PHASE_STRIP = NO;
				DEBUG_INFORMATION_FORMAT = "dwarf-with-dsym";
				ENABLE_NS_ASSERTIONS = NO;
				ENABLE_STRICT_OBJC_MSGSEND = YES;
				GCC_C_LANGUAGE_STANDARD = gnu11;
				GCC_NO_COMMON_BLOCKS = YES;
				GCC_WARN_64_TO_32_BIT_CONVERSION = YES;
				GCC_WARN_ABOUT_RETURN_TYPE = YES_ERROR;
				GCC_WARN_UNDECLARED_SELECTOR = YES;
				GCC_WARN_UNINITIALIZED_AUTOS = YES_AGGRESSIVE;
				GCC_WARN_UNUSED_FUNCTION = YES;
				GCC_WARN_UNUSED_VARIABLE = YES;
				MACOSX_DEPLOYMENT_TARGET = 11.0;
				MTL_ENABLE_DEBUG_INFO = NO;
				MTL_FAST_MATH = YES;
				SDKROOT = macosx;
				SWIFT_COMPILATION_MODE = wholemodule;
				SWIFT_OPTIMIZATION_LEVEL = "-O";
			};
			name = Release;
		};
		3406B61626998B1500817D1D /* Debug */ = {
			isa = XCBuildConfiguration;
			buildSettings = {
				CODE_SIGN_STYLE = Automatic;
				DEVELOPMENT_TEAM = LGU69RG34G;
				ENABLE_HARDENED_RUNTIME = YES;
				PRODUCT_NAME = "$(TARGET_NAME)";
				SWIFT_VERSION = 5.0;
			};
			name = Debug;
		};
		3406B61726998B1500817D1D /* Release */ = {
			isa = XCBuildConfiguration;
			buildSettings = {
				CODE_SIGN_STYLE = Automatic;
				DEVELOPMENT_TEAM = LGU69RG34G;
				ENABLE_HARDENED_RUNTIME = YES;
				PRODUCT_NAME = "$(TARGET_NAME)";
				SWIFT_VERSION = 5.0;
			};
			name = Release;
		};
		3406B62226998B3F00817D1D /* Debug */ = {
			isa = XCBuildConfiguration;
			buildSettings = {
				CODE_SIGN_STYLE = Automatic;
				DEVELOPMENT_TEAM = LGU69RG34G;
				ENABLE_HARDENED_RUNTIME = YES;
				PRODUCT_NAME = "$(TARGET_NAME)";
				SWIFT_VERSION = 5.0;
			};
			name = Debug;
		};
		3406B62326998B3F00817D1D /* Release */ = {
			isa = XCBuildConfiguration;
			buildSettings = {
				CODE_SIGN_STYLE = Automatic;
				DEVELOPMENT_TEAM = LGU69RG34G;
				ENABLE_HARDENED_RUNTIME = YES;
				PRODUCT_NAME = "$(TARGET_NAME)";
				SWIFT_VERSION = 5.0;
			};
			name = Release;
		};
/* End XCBuildConfiguration section */

/* Begin XCConfigurationList section */
		3406B60926998B1400817D1D /* Build configuration list for PBXProject "Structural Pattern" */ = {
			isa = XCConfigurationList;
			buildConfigurations = (
				3406B61326998B1500817D1D /* Debug */,
				3406B61426998B1500817D1D /* Release */,
			);
			defaultConfigurationIsVisible = 0;
			defaultConfigurationName = Release;
		};
		3406B61526998B1500817D1D /* Build configuration list for PBXNativeTarget "Structural Pattern" */ = {
			isa = XCConfigurationList;
			buildConfigurations = (
				3406B61626998B1500817D1D /* Debug */,
				3406B61726998B1500817D1D /* Release */,
			);
			defaultConfigurationIsVisible = 0;
			defaultConfigurationName = Release;
		};
		3406B62126998B3F00817D1D /* Build configuration list for PBXNativeTarget "Adapter" */ = {
			isa = XCConfigurationList;
			buildConfigurations = (
				3406B62226998B3F00817D1D /* Debug */,
				3406B62326998B3F00817D1D /* Release */,
			);
			defaultConfigurationIsVisible = 0;
			defaultConfigurationName = Release;
		};
/* End XCConfigurationList section */
	};
	rootObject = 3406B60626998B1400817D1D /* Project object */;
}
